// !$*UTF8*$!
{
	archiveVersion = 1;
	classes = {
	};
	objectVersion = 46;
	objects = {

/* Begin PBXBuildFile section */
		01519BD019AD340E000E5E46 /* AppDelegate.swift in Sources */ = {isa = PBXBuildFile; fileRef = 01519BCF19AD340E000E5E46 /* AppDelegate.swift */; };
		01519BD219AD340E000E5E46 /* TranslatorVC.swift in Sources */ = {isa = PBXBuildFile; fileRef = 01519BD119AD340E000E5E46 /* TranslatorVC.swift */; };
		01519BD519AD340E000E5E46 /* Main.storyboard in Resources */ = {isa = PBXBuildFile; fileRef = 01519BD319AD340E000E5E46 /* Main.storyboard */; };
		01519BD719AD340E000E5E46 /* Images.xcassets in Resources */ = {isa = PBXBuildFile; fileRef = 01519BD619AD340E000E5E46 /* Images.xcassets */; };
		01AC730619C0F83000CEF8F6 /* Info.plist in Resources */ = {isa = PBXBuildFile; fileRef = 01519BE119AD340E000E5E46 /* Info.plist */; };
		6302AAFF1BAAED31008A006C /* CheckmarkView.swift in Sources */ = {isa = PBXBuildFile; fileRef = 6302AAFE1BAAED31008A006C /* CheckmarkView.swift */; settings = {ASSET_TAGS = (); }; };
		63223A6D1BA061D300DCE8AB /* OtherAppsCell.swift in Sources */ = {isa = PBXBuildFile; fileRef = 63223A6C1BA061D300DCE8AB /* OtherAppsCell.swift */; };
		636415991BA054F3008993D4 /* Translator.swift in Sources */ = {isa = PBXBuildFile; fileRef = 636415981BA054F3008993D4 /* Translator.swift */; };
		6364159B1BA05927008993D4 /* Extensions.swift in Sources */ = {isa = PBXBuildFile; fileRef = 6364159A1BA05927008993D4 /* Extensions.swift */; };
		6373CC7D1BAB10A100F5DE6D /* CheckmarkVC.swift in Sources */ = {isa = PBXBuildFile; fileRef = 6373CC7C1BAB10A100F5DE6D /* CheckmarkVC.swift */; settings = {ASSET_TAGS = (); }; };
		6382568C1BAA3998003CEA8E /* Launch Screen.storyboard in Resources */ = {isa = PBXBuildFile; fileRef = 6382568B1BAA3998003CEA8E /* Launch Screen.storyboard */; settings = {ASSET_TAGS = (); }; };
		63B6782C1B9FD76500E9DFD7 /* AboutVC.swift in Sources */ = {isa = PBXBuildFile; fileRef = 63B6782B1B9FD76500E9DFD7 /* AboutVC.swift */; };
		63EECB4D1B9FCAD100B73146 /* Encodings.swift in Sources */ = {isa = PBXBuildFile; fileRef = 63EECB4C1B9FCAD100B73146 /* Encodings.swift */; };
		63EED15F1BB9685A00633C18 /* App Store Details.rtf in Resources */ = {isa = PBXBuildFile; fileRef = 63EED15E1BB9685A00633C18 /* App Store Details.rtf */; settings = {ASSET_TAGS = (); }; };
		63F310AC1B9FC1D600A262EA /* SettingsVC.swift in Sources */ = {isa = PBXBuildFile; fileRef = 63F310AB1B9FC1D600A262EA /* SettingsVC.swift */; };
		63F310B21B9FC39100A262EA /* EncodingSelectionVC.swift in Sources */ = {isa = PBXBuildFile; fileRef = 63F310B11B9FC39100A262EA /* EncodingSelectionVC.swift */; };
		A9CC0B6071BAB8F092086F73 /* Pods_Binarify.framework in Frameworks */ = {isa = PBXBuildFile; fileRef = 00AEC19579DA2E349BC1380B /* Pods_Binarify.framework */; settings = {ATTRIBUTES = (Weak, ); }; };
/* End PBXBuildFile section */

/* Begin PBXFileReference section */
		00AEC19579DA2E349BC1380B /* Pods_Binarify.framework */ = {isa = PBXFileReference; explicitFileType = wrapper.framework; includeInIndex = 0; path = Pods_Binarify.framework; sourceTree = BUILT_PRODUCTS_DIR; };
		01519BCA19AD340E000E5E46 /* Binarify.app */ = {isa = PBXFileReference; explicitFileType = wrapper.application; includeInIndex = 0; path = Binarify.app; sourceTree = BUILT_PRODUCTS_DIR; };
		01519BCE19AD340E000E5E46 /* Info.plist */ = {isa = PBXFileReference; lastKnownFileType = text.plist.xml; path = Info.plist; sourceTree = "<group>"; };
		01519BCF19AD340E000E5E46 /* AppDelegate.swift */ = {isa = PBXFileReference; lastKnownFileType = sourcecode.swift; path = AppDelegate.swift; sourceTree = "<group>"; };
		01519BD119AD340E000E5E46 /* TranslatorVC.swift */ = {isa = PBXFileReference; lastKnownFileType = sourcecode.swift; path = TranslatorVC.swift; sourceTree = "<group>"; };
		01519BD419AD340E000E5E46 /* Base */ = {isa = PBXFileReference; lastKnownFileType = file.storyboard; name = Base; path = Base.lproj/Main.storyboard; sourceTree = "<group>"; };
		01519BD619AD340E000E5E46 /* Images.xcassets */ = {isa = PBXFileReference; lastKnownFileType = folder.assetcatalog; path = Images.xcassets; sourceTree = "<group>"; };
		01519BE119AD340E000E5E46 /* Info.plist */ = {isa = PBXFileReference; lastKnownFileType = text.plist.xml; path = Info.plist; sourceTree = "<group>"; };
		01519BE219AD340E000E5E46 /* BinarifyTests.swift */ = {isa = PBXFileReference; lastKnownFileType = sourcecode.swift; path = BinarifyTests.swift; sourceTree = "<group>"; };
		6302AAFE1BAAED31008A006C /* CheckmarkView.swift */ = {isa = PBXFileReference; fileEncoding = 4; lastKnownFileType = sourcecode.swift; path = CheckmarkView.swift; sourceTree = "<group>"; };
		6317CF2D1BBAD0DA0089F1EF /* Binarify-Bridging-Header.h */ = {isa = PBXFileReference; lastKnownFileType = sourcecode.c.h; path = "Binarify-Bridging-Header.h"; sourceTree = SOURCE_ROOT; };
		63223A6C1BA061D300DCE8AB /* OtherAppsCell.swift */ = {isa = PBXFileReference; fileEncoding = 4; lastKnownFileType = sourcecode.swift; path = OtherAppsCell.swift; sourceTree = "<group>"; };
		636415981BA054F3008993D4 /* Translator.swift */ = {isa = PBXFileReference; fileEncoding = 4; lastKnownFileType = sourcecode.swift; path = Translator.swift; sourceTree = "<group>"; };
		6364159A1BA05927008993D4 /* Extensions.swift */ = {isa = PBXFileReference; fileEncoding = 4; lastKnownFileType = sourcecode.swift; path = Extensions.swift; sourceTree = "<group>"; };
		6373CC651BAAFB5200F5DE6D /* es-MX */ = {isa = PBXFileReference; lastKnownFileType = text.plist.strings; name = "es-MX"; path = "es-MX.lproj/Main.strings"; sourceTree = "<group>"; };
		6373CC7C1BAB10A100F5DE6D /* CheckmarkVC.swift */ = {isa = PBXFileReference; fileEncoding = 4; lastKnownFileType = sourcecode.swift; path = CheckmarkVC.swift; sourceTree = "<group>"; };
		6382568B1BAA3998003CEA8E /* Launch Screen.storyboard */ = {isa = PBXFileReference; fileEncoding = 4; lastKnownFileType = file.storyboard; path = "Launch Screen.storyboard"; sourceTree = "<group>"; };
		63ADF1611BAD9A740043C876 /* MyPlayground.playground */ = {isa = PBXFileReference; lastKnownFileType = file.playground; path = MyPlayground.playground; sourceTree = "<group>"; };
		63B6782B1B9FD76500E9DFD7 /* AboutVC.swift */ = {isa = PBXFileReference; fileEncoding = 4; lastKnownFileType = sourcecode.swift; name = AboutVC.swift; path = ../AboutVC.swift; sourceTree = "<group>"; };
		63C334891BB85EEE007F3084 /* en */ = {isa = PBXFileReference; lastKnownFileType = text.plist.strings; name = en; path = en.lproj/Main.strings; sourceTree = "<group>"; };
		63C334931BB87056007F3084 /* de */ = {isa = PBXFileReference; lastKnownFileType = text.plist.strings; name = de; path = de.lproj/Main.strings; sourceTree = "<group>"; };
		63C334951BB8733D007F3084 /* es */ = {isa = PBXFileReference; lastKnownFileType = text.plist.strings; name = es; path = es.lproj/Main.strings; sourceTree = "<group>"; };
		63EECB4C1B9FCAD100B73146 /* Encodings.swift */ = {isa = PBXFileReference; fileEncoding = 4; lastKnownFileType = sourcecode.swift; path = Encodings.swift; sourceTree = "<group>"; };
		63EED15E1BB9685A00633C18 /* App Store Details.rtf */ = {isa = PBXFileReference; fileEncoding = 4; lastKnownFileType = text.rtf; path = "App Store Details.rtf"; sourceTree = "<group>"; };
		63F310AB1B9FC1D600A262EA /* SettingsVC.swift */ = {isa = PBXFileReference; fileEncoding = 4; lastKnownFileType = sourcecode.swift; path = SettingsVC.swift; sourceTree = "<group>"; };
		63F310B11B9FC39100A262EA /* EncodingSelectionVC.swift */ = {isa = PBXFileReference; fileEncoding = 4; lastKnownFileType = sourcecode.swift; name = EncodingSelectionVC.swift; path = ../EncodingSelectionVC.swift; sourceTree = "<group>"; };
		BFA861099BB68A3C8F9259CF /* Pods-Binarify.debug.xcconfig */ = {isa = PBXFileReference; includeInIndex = 1; lastKnownFileType = text.xcconfig; name = "Pods-Binarify.debug.xcconfig"; path = "Pods/Target Support Files/Pods-Binarify/Pods-Binarify.debug.xcconfig"; sourceTree = "<group>"; };
		BFB1C0091A74A21D4899747E /* Pods-Binarify.release.xcconfig */ = {isa = PBXFileReference; includeInIndex = 1; lastKnownFileType = text.xcconfig; name = "Pods-Binarify.release.xcconfig"; path = "Pods/Target Support Files/Pods-Binarify/Pods-Binarify.release.xcconfig"; sourceTree = "<group>"; };
/* End PBXFileReference section */

/* Begin PBXFrameworksBuildPhase section */
		01519BC719AD340E000E5E46 /* Frameworks */ = {
			isa = PBXFrameworksBuildPhase;
			buildActionMask = 2147483647;
			files = (
				A9CC0B6071BAB8F092086F73 /* Pods_Binarify.framework in Frameworks */,
			);
			runOnlyForDeploymentPostprocessing = 0;
		};
/* End PBXFrameworksBuildPhase section */

/* Begin PBXGroup section */
		01519BC119AD340D000E5E46 = {
			isa = PBXGroup;
			children = (
				01519BCC19AD340E000E5E46 /* Binarify */,
				01519BDF19AD340E000E5E46 /* BinarifyTests */,
				01519BCB19AD340E000E5E46 /* Products */,
				AD9BB883FDD6F2159E88F8D8 /* Pods */,
				9090D1D385FA9B998F717D83 /* Frameworks */,
			);
			sourceTree = "<group>";
		};
		01519BCB19AD340E000E5E46 /* Products */ = {
			isa = PBXGroup;
			children = (
				01519BCA19AD340E000E5E46 /* Binarify.app */,
			);
			name = Products;
			sourceTree = "<group>";
		};
		01519BCC19AD340E000E5E46 /* Binarify */ = {
			isa = PBXGroup;
			children = (
				01519BCF19AD340E000E5E46 /* AppDelegate.swift */,
				6364159A1BA05927008993D4 /* Extensions.swift */,
				6382568B1BAA3998003CEA8E /* Launch Screen.storyboard */,
				01519BD319AD340E000E5E46 /* Main.storyboard */,
				63EECB4E1B9FCB8B00B73146 /* Model */,
				63223A6E1BA0625B00DCE8AB /* View */,
				63EECB4F1B9FCB9900B73146 /* Controller */,
				01519BD619AD340E000E5E46 /* Images.xcassets */,
				01519BCD19AD340E000E5E46 /* Supporting Files */,
			);
			path = Binarify;
			sourceTree = "<group>";
		};
		01519BCD19AD340E000E5E46 /* Supporting Files */ = {
			isa = PBXGroup;
			children = (
				6317CF2D1BBAD0DA0089F1EF /* Binarify-Bridging-Header.h */,
				63EED15E1BB9685A00633C18 /* App Store Details.rtf */,
				63ADF1611BAD9A740043C876 /* MyPlayground.playground */,
				01519BCE19AD340E000E5E46 /* Info.plist */,
			);
			name = "Supporting Files";
			sourceTree = "<group>";
		};
		01519BDF19AD340E000E5E46 /* BinarifyTests */ = {
			isa = PBXGroup;
			children = (
				01519BE219AD340E000E5E46 /* BinarifyTests.swift */,
				01519BE019AD340E000E5E46 /* Supporting Files */,
			);
			path = BinarifyTests;
			sourceTree = "<group>";
		};
		01519BE019AD340E000E5E46 /* Supporting Files */ = {
			isa = PBXGroup;
			children = (
				01519BE119AD340E000E5E46 /* Info.plist */,
			);
			name = "Supporting Files";
			sourceTree = "<group>";
		};
		63223A6E1BA0625B00DCE8AB /* View */ = {
			isa = PBXGroup;
			children = (
				63223A6C1BA061D300DCE8AB /* OtherAppsCell.swift */,
				6302AAFE1BAAED31008A006C /* CheckmarkView.swift */,
			);
			name = View;
			sourceTree = "<group>";
		};
		63EECB4E1B9FCB8B00B73146 /* Model */ = {
			isa = PBXGroup;
			children = (
				63EECB4C1B9FCAD100B73146 /* Encodings.swift */,
				636415981BA054F3008993D4 /* Translator.swift */,
			);
			name = Model;
			sourceTree = "<group>";
		};
		63EECB4F1B9FCB9900B73146 /* Controller */ = {
			isa = PBXGroup;
			children = (
				01519BD119AD340E000E5E46 /* TranslatorVC.swift */,
				63F310AB1B9FC1D600A262EA /* SettingsVC.swift */,
				6373CC7C1BAB10A100F5DE6D /* CheckmarkVC.swift */,
				63B6782B1B9FD76500E9DFD7 /* AboutVC.swift */,
				63F310B11B9FC39100A262EA /* EncodingSelectionVC.swift */,
			);
			name = Controller;
			sourceTree = "<group>";
		};
		9090D1D385FA9B998F717D83 /* Frameworks */ = {
			isa = PBXGroup;
			children = (
				00AEC19579DA2E349BC1380B /* Pods_Binarify.framework */,
			);
			name = Frameworks;
			sourceTree = "<group>";
		};
		AD9BB883FDD6F2159E88F8D8 /* Pods */ = {
			isa = PBXGroup;
			children = (
				BFA861099BB68A3C8F9259CF /* Pods-Binarify.debug.xcconfig */,
				BFB1C0091A74A21D4899747E /* Pods-Binarify.release.xcconfig */,
			);
			name = Pods;
			sourceTree = "<group>";
		};
/* End PBXGroup section */

/* Begin PBXNativeTarget section */
		01519BC919AD340E000E5E46 /* Binarify */ = {
			isa = PBXNativeTarget;
			buildConfigurationList = 01519BE619AD340E000E5E46 /* Build configuration list for PBXNativeTarget "Binarify" */;
			buildPhases = (
				3E9E0A9B4F15A29199C09476 /* Check Pods Manifest.lock */,
				01519BC619AD340E000E5E46 /* Sources */,
				01519BC719AD340E000E5E46 /* Frameworks */,
				01519BC819AD340E000E5E46 /* Resources */,
				F4F36351B3D80D117EB4BA89 /* Embed Pods Frameworks */,
				6735387A6005D03502834E58 /* Copy Pods Resources */,
			);
			buildRules = (
			);
			dependencies = (
			);
			name = Binarify;
			productName = Binarify;
			productReference = 01519BCA19AD340E000E5E46 /* Binarify.app */;
			productType = "com.apple.product-type.application";
		};
/* End PBXNativeTarget section */

/* Begin PBXProject section */
		01519BC219AD340D000E5E46 /* Project object */ = {
			isa = PBXProject;
			attributes = {
				LastSwiftMigration = 0700;
				LastSwiftUpdateCheck = 0700;
				LastUpgradeCheck = 0700;
				ORGANIZATIONNAME = "Nick Podratz";
				TargetAttributes = {
					01519BC919AD340E000E5E46 = {
						CreatedOnToolsVersion = 6.0;
						DevelopmentTeam = P345AM94MQ;
						SystemCapabilities = {
							com.apple.GameCenter = {
								enabled = 0;
							};
							com.apple.InAppPurchase = {
								enabled = 0;
							};
						};
					};
				};
			};
			buildConfigurationList = 01519BC519AD340D000E5E46 /* Build configuration list for PBXProject "Binarify" */;
			compatibilityVersion = "Xcode 3.2";
			developmentRegion = English;
			hasScannedForEncodings = 0;
			knownRegions = (
				en,
				Base,
				fr,
				it,
				pt,
				es,
				pl,
				ru,
				nb,
				ja,
				"zh-Hans",
				cs,
				ar,
				th,
				el,
				nl,
				"es-MX",
				he,
				de,
			);
			mainGroup = 01519BC119AD340D000E5E46;
			productRefGroup = 01519BCB19AD340E000E5E46 /* Products */;
			projectDirPath = "";
			projectRoot = "";
			targets = (
				01519BC919AD340E000E5E46 /* Binarify */,
			);
		};
/* End PBXProject section */

/* Begin PBXResourcesBuildPhase section */
		01519BC819AD340E000E5E46 /* Resources */ = {
			isa = PBXResourcesBuildPhase;
			buildActionMask = 2147483647;
			files = (
				63EED15F1BB9685A00633C18 /* App Store Details.rtf in Resources */,
				01519BD519AD340E000E5E46 /* Main.storyboard in Resources */,
				01519BD719AD340E000E5E46 /* Images.xcassets in Resources */,
				6382568C1BAA3998003CEA8E /* Launch Screen.storyboard in Resources */,
				01AC730619C0F83000CEF8F6 /* Info.plist in Resources */,
			);
			runOnlyForDeploymentPostprocessing = 0;
		};
/* End PBXResourcesBuildPhase section */

/* Begin PBXShellScriptBuildPhase section */
		3E9E0A9B4F15A29199C09476 /* Check Pods Manifest.lock */ = {
			isa = PBXShellScriptBuildPhase;
			buildActionMask = 2147483647;
			files = (
			);
			inputPaths = (
			);
			name = "Check Pods Manifest.lock";
			outputPaths = (
			);
			runOnlyForDeploymentPostprocessing = 0;
			shellPath = /bin/sh;
			shellScript = "diff \"${PODS_ROOT}/../Podfile.lock\" \"${PODS_ROOT}/Manifest.lock\" > /dev/null\nif [[ $? != 0 ]] ; then\n    cat << EOM\nerror: The sandbox is not in sync with the Podfile.lock. Run 'pod install' or update your CocoaPods installation.\nEOM\n    exit 1\nfi\n";
			showEnvVarsInLog = 0;
		};
		6735387A6005D03502834E58 /* Copy Pods Resources */ = {
			isa = PBXShellScriptBuildPhase;
			buildActionMask = 2147483647;
			files = (
			);
			inputPaths = (
			);
			name = "Copy Pods Resources";
			outputPaths = (
			);
			runOnlyForDeploymentPostprocessing = 0;
			shellPath = /bin/sh;
			shellScript = "\"${SRCROOT}/Pods/Target Support Files/Pods-Binarify/Pods-Binarify-resources.sh\"\n";
			showEnvVarsInLog = 0;
		};
		F4F36351B3D80D117EB4BA89 /* Embed Pods Frameworks */ = {
			isa = PBXShellScriptBuildPhase;
			buildActionMask = 2147483647;
			files = (
			);
			inputPaths = (
			);
			name = "Embed Pods Frameworks";
			outputPaths = (
			);
			runOnlyForDeploymentPostprocessing = 0;
			shellPath = /bin/sh;
			shellScript = "\"${SRCROOT}/Pods/Target Support Files/Pods-Binarify/Pods-Binarify-frameworks.sh\"\n";
			showEnvVarsInLog = 0;
		};
/* End PBXShellScriptBuildPhase section */

/* Begin PBXSourcesBuildPhase section */
		01519BC619AD340E000E5E46 /* Sources */ = {
			isa = PBXSourcesBuildPhase;
			buildActionMask = 2147483647;
			files = (
				63B6782C1B9FD76500E9DFD7 /* AboutVC.swift in Sources */,
				63F310AC1B9FC1D600A262EA /* SettingsVC.swift in Sources */,
				63EECB4D1B9FCAD100B73146 /* Encodings.swift in Sources */,
				6364159B1BA05927008993D4 /* Extensions.swift in Sources */,
				6373CC7D1BAB10A100F5DE6D /* CheckmarkVC.swift in Sources */,
				01519BD219AD340E000E5E46 /* TranslatorVC.swift in Sources */,
				63F310B21B9FC39100A262EA /* EncodingSelectionVC.swift in Sources */,
				01519BD019AD340E000E5E46 /* AppDelegate.swift in Sources */,
				63223A6D1BA061D300DCE8AB /* OtherAppsCell.swift in Sources */,
				6302AAFF1BAAED31008A006C /* CheckmarkView.swift in Sources */,
				636415991BA054F3008993D4 /* Translator.swift in Sources */,
			);
			runOnlyForDeploymentPostprocessing = 0;
		};
/* End PBXSourcesBuildPhase section */

/* Begin PBXVariantGroup section */
		01519BD319AD340E000E5E46 /* Main.storyboard */ = {
			isa = PBXVariantGroup;
			children = (
				01519BD419AD340E000E5E46 /* Base */,
				6373CC651BAAFB5200F5DE6D /* es-MX */,
				63C334891BB85EEE007F3084 /* en */,
				63C334931BB87056007F3084 /* de */,
				63C334951BB8733D007F3084 /* es */,
			);
			name = Main.storyboard;
			sourceTree = "<group>";
		};
/* End PBXVariantGroup section */

/* Begin XCBuildConfiguration section */
		01519BE419AD340E000E5E46 /* Debug */ = {
			isa = XCBuildConfiguration;
			buildSettings = {
				ALWAYS_SEARCH_USER_PATHS = NO;
				CLANG_CXX_LANGUAGE_STANDARD = "gnu++0x";
				CLANG_CXX_LIBRARY = "libc++";
				CLANG_ENABLE_MODULES = YES;
				CLANG_ENABLE_OBJC_ARC = YES;
				CLANG_WARN_BOOL_CONVERSION = YES;
				CLANG_WARN_CONSTANT_CONVERSION = YES;
				CLANG_WARN_DIRECT_OBJC_ISA_USAGE = YES_ERROR;
				CLANG_WARN_EMPTY_BODY = YES;
				CLANG_WARN_ENUM_CONVERSION = YES;
				CLANG_WARN_INT_CONVERSION = YES;
				CLANG_WARN_OBJC_ROOT_CLASS = YES_ERROR;
				CLANG_WARN_UNREACHABLE_CODE = YES;
				CLANG_WARN__DUPLICATE_METHOD_MATCH = YES;
				CODE_SIGN_IDENTITY = "iPhone Distribution";
				"CODE_SIGN_IDENTITY[sdk=iphoneos*]" = "iPhone Distribution";
				COPY_PHASE_STRIP = NO;
				ENABLE_STRICT_OBJC_MSGSEND = YES;
				ENABLE_TESTABILITY = YES;
				GCC_C_LANGUAGE_STANDARD = gnu99;
				GCC_DYNAMIC_NO_PIC = NO;
				GCC_OPTIMIZATION_LEVEL = 0;
				GCC_PREPROCESSOR_DEFINITIONS = (
					"DEBUG=1",
					"$(inherited)",
				);
				GCC_SYMBOLS_PRIVATE_EXTERN = NO;
				GCC_WARN_64_TO_32_BIT_CONVERSION = YES;
				GCC_WARN_ABOUT_RETURN_TYPE = YES_ERROR;
				GCC_WARN_UNDECLARED_SELECTOR = YES;
				GCC_WARN_UNINITIALIZED_AUTOS = YES_AGGRESSIVE;
				GCC_WARN_UNUSED_FUNCTION = YES;
				GCC_WARN_UNUSED_VARIABLE = YES;
				IPHONEOS_DEPLOYMENT_TARGET = 7.0;
				MTL_ENABLE_DEBUG_INFO = YES;
				ONLY_ACTIVE_ARCH = NO;
				PROVISIONING_PROFILE = "a3a2d926-ed28-4d22-8a7a-735dbb85c1d2";
				SDKROOT = iphoneos;
				SWIFT_OPTIMIZATION_LEVEL = "-Onone";
				TARGETED_DEVICE_FAMILY = "1,2";
			};
			name = Debug;
		};
		01519BE519AD340E000E5E46 /* Release */ = {
			isa = XCBuildConfiguration;
			buildSettings = {
				ALWAYS_SEARCH_USER_PATHS = NO;
				CLANG_CXX_LANGUAGE_STANDARD = "gnu++0x";
				CLANG_CXX_LIBRARY = "libc++";
				CLANG_ENABLE_MODULES = YES;
				CLANG_ENABLE_OBJC_ARC = YES;
				CLANG_WARN_BOOL_CONVERSION = YES;
				CLANG_WARN_CONSTANT_CONVERSION = YES;
				CLANG_WARN_DIRECT_OBJC_ISA_USAGE = YES_ERROR;
				CLANG_WARN_EMPTY_BODY = YES;
				CLANG_WARN_ENUM_CONVERSION = YES;
				CLANG_WARN_INT_CONVERSION = YES;
				CLANG_WARN_OBJC_ROOT_CLASS = YES_ERROR;
				CLANG_WARN_UNREACHABLE_CODE = YES;
				CLANG_WARN__DUPLICATE_METHOD_MATCH = YES;
				CODE_SIGN_IDENTITY = "iPhone Distribution";
				"CODE_SIGN_IDENTITY[sdk=iphoneos*]" = "iPhone Distribution";
				COPY_PHASE_STRIP = YES;
				ENABLE_NS_ASSERTIONS = NO;
				ENABLE_STRICT_OBJC_MSGSEND = YES;
				GCC_C_LANGUAGE_STANDARD = gnu99;
				GCC_WARN_64_TO_32_BIT_CONVERSION = YES;
				GCC_WARN_ABOUT_RETURN_TYPE = YES_ERROR;
				GCC_WARN_UNDECLARED_SELECTOR = YES;
				GCC_WARN_UNINITIALIZED_AUTOS = YES_AGGRESSIVE;
				GCC_WARN_UNUSED_FUNCTION = YES;
				GCC_WARN_UNUSED_VARIABLE = YES;
				IPHONEOS_DEPLOYMENT_TARGET = 7.0;
				MTL_ENABLE_DEBUG_INFO = NO;
				ONLY_ACTIVE_ARCH = NO;
				PROVISIONING_PROFILE = "a3a2d926-ed28-4d22-8a7a-735dbb85c1d2";
				SDKROOT = iphoneos;
				TARGETED_DEVICE_FAMILY = "1,2";
				VALIDATE_PRODUCT = YES;
			};
			name = Release;
		};
		01519BE719AD340E000E5E46 /* Debug */ = {
			isa = XCBuildConfiguration;
			baseConfigurationReference = BFA861099BB68A3C8F9259CF /* Pods-Binarify.debug.xcconfig */;
			buildSettings = {
				ASSETCATALOG_COMPILER_APPICON_NAME = AppIcon;
				CLANG_ENABLE_MODULES = YES;
				CODE_SIGN_IDENTITY = "iPhone Developer";
				"CODE_SIGN_IDENTITY[sdk=iphoneos*]" = "iPhone Developer";
				INFOPLIST_FILE = Binarify/Info.plist;
				IPHONEOS_DEPLOYMENT_TARGET = 7.0;
				LD_RUNPATH_SEARCH_PATHS = "$(inherited) @executable_path/Frameworks";
				ONLY_ACTIVE_ARCH = NO;
				PRODUCT_BUNDLE_IDENTIFIER = np.Binarify;
				PRODUCT_NAME = "$(TARGET_NAME)";
				PROVISIONING_PROFILE = "";
				SWIFT_OBJC_BRIDGING_HEADER = "Binarify-Bridging-Header.h";
				SWIFT_OPTIMIZATION_LEVEL = "-Onone";
			};
			name = Debug;
		};
		01519BE819AD340E000E5E46 /* Release */ = {
			isa = XCBuildConfiguration;
			baseConfigurationReference = BFB1C0091A74A21D4899747E /* Pods-Binarify.release.xcconfig */;
			buildSettings = {
				ASSETCATALOG_COMPILER_APPICON_NAME = AppIcon;
				CLANG_ENABLE_MODULES = YES;
				CODE_SIGN_IDENTITY = "iPhone Developer";
				"CODE_SIGN_IDENTITY[sdk=iphoneos*]" = "iPhone Developer";
				INFOPLIST_FILE = Binarify/Info.plist;
				IPHONEOS_DEPLOYMENT_TARGET = 7.0;
				LD_RUNPATH_SEARCH_PATHS = "$(inherited) @executable_path/Frameworks";
				ONLY_ACTIVE_ARCH = NO;
				PRODUCT_BUNDLE_IDENTIFIER = np.Binarify;
				PRODUCT_NAME = "$(TARGET_NAME)";
				PROVISIONING_PROFILE = "";
				SWIFT_OBJC_BRIDGING_HEADER = "Binarify-Bridging-Header.h";
			};
			name = Release;
		};
/* End XCBuildConfiguration section */

/* Begin XCConfigurationList section */
		01519BC519AD340D000E5E46 /* Build configuration list for PBXProject "Binarify" */ = {
			isa = XCConfigurationList;
			buildConfigurations = (
				01519BE419AD340E000E5E46 /* Debug */,
				01519BE519AD340E000E5E46 /* Release */,
			);
			defaultConfigurationIsVisible = 0;
			defaultConfigurationName = Release;
		};
		01519BE619AD340E000E5E46 /* Build configuration list for PBXNativeTarget "Binarify" */ = {
			isa = XCConfigurationList;
			buildConfigurations = (
				01519BE719AD340E000E5E46 /* Debug */,
				01519BE819AD340E000E5E46 /* Release */,
			);
			defaultConfigurationIsVisible = 0;
			defaultConfigurationName = Release;
		};
/* End XCConfigurationList section */
	};
	rootObject = 01519BC219AD340D000E5E46 /* Project object */;
}
